
<Scheme LastUpgradeVersion="1000" version="1.3">
    <BuildAction parallelizeBuildables="YES" buildImplicitDependencies="YES">
        <BuildActionEntries>
            <BuildActionEntry buildForTesting="YES" buildForProfiling="YES" buildForAnalyzing="YES" buildForArchiving="YES" buildForRunning="YES">
                <BuildableReference BlueprintIdentifier="4098BF0BC7BDDD7800000000" BuildableIdentifier="primary" BlueprintName="-SwiftCoreTrainingTests" BuildableName="lib-SwiftCoreTrainingTests.a" ReferencedContainer="container:SwiftCoreTraining.xcodeproj"></BuildableReference>
            </BuildActionEntry>
        </BuildActionEntries>
    </BuildAction>
    <TestAction selectedDebuggerIdentifier="Xcode.DebuggerFoundation.Debugger.LLDB" buildConfiguration="__TulsiTestRunner_Debug" selectedLauncherIdentifier="Xcode.DebuggerFoundation.Launcher.LLDB" shouldUseLaunchSchemeArgsEnv="YES" customLLDBInitFile="$(PROJECT_FILE_PATH)/.tulsi/Utils/lldbinit">
        <Testables></Testables>
        <BuildableProductRunnable runnableDebuggingMode="0">
            <BuildableReference ReferencedContainer="container:SwiftCoreTraining.xcodeproj" BuildableName="lib-SwiftCoreTrainingTests.a" BlueprintName="-SwiftCoreTrainingTests" BuildableIdentifier="primary" BlueprintIdentifier="4098BF0BC7BDDD7800000000"></BuildableReference>
        </BuildableProductRunnable>
    </TestAction>
    <LaunchAction customLLDBInitFile="$(PROJECT_FILE_PATH)/.tulsi/Utils/lldbinit" debugDocumentVersioning="YES" buildConfiguration="Debug" selectedLauncherIdentifier="Xcode.DebuggerFoundation.Launcher.LLDB" useCustomWorkingDirectory="NO" launchStyle="0" ignoresPersistentStateOnLaunch="NO" debugServiceExtension="internal" selectedDebuggerIdentifier="Xcode.DebuggerFoundation.Debugger.LLDB" allowLocationSimulation="YES">
        <EnvironmentVariables></EnvironmentVariables>
        <MacroExpansion>
            <BuildableReference ReferencedContainer="container:SwiftCoreTraining.xcodeproj" BuildableName="lib-SwiftCoreTrainingTests.a" BlueprintIdentifier="4098BF0BC7BDDD7800000000" BuildableIdentifier="primary" BlueprintName="-SwiftCoreTrainingTests"></BuildableReference>
        </MacroExpansion>
    </LaunchAction>
    <ProfileAction buildConfiguration="__TulsiTestRunner_Release" useCustomWorkingDirectory="NO" debugDocumentVersioning="YES" shouldUseLaunchSchemeArgsEnv="YES">
        <MacroExpansion>
            <BuildableReference ReferencedContainer="container:SwiftCoreTraining.xcodeproj" BlueprintIdentifier="4098BF0BC7BDDD7800000000" BuildableName="lib-SwiftCoreTrainingTests.a" BuildableIdentifier="primary" BlueprintName="-SwiftCoreTrainingTests"></BuildableReference>
        </MacroExpansion>
    </ProfileAction>
    <AnalyzeAction buildConfiguration="Debug"></AnalyzeAction>
    <ArchiveAction buildConfiguration="Release" revealArchiveInOrganizer="YES"></ArchiveAction>
</Scheme>