
<Scheme version="1.3" LastUpgradeVersion="1000">
    <BuildAction buildImplicitDependencies="YES" parallelizeBuildables="YES">
        <BuildActionEntries>
            <BuildActionEntry buildForTesting="YES" buildForArchiving="YES" buildForProfiling="YES" buildForRunning="YES" buildForAnalyzing="YES">
                <BuildableReference BuildableIdentifier="primary" BlueprintName="-SwiftCoreTraining_ObjC" ReferencedContainer="container:SwiftCoreTraining.xcodeproj" BuildableName="lib-SwiftCoreTraining_ObjC.a" BlueprintIdentifier="4098BF0B0578FD2E00000000"></BuildableReference>
            </BuildActionEntry>
        </BuildActionEntries>
    </BuildAction>
    <TestAction selectedLauncherIdentifier="Xcode.DebuggerFoundation.Launcher.LLDB" shouldUseLaunchSchemeArgsEnv="YES" buildConfiguration="__TulsiTestRunner_Debug" customLLDBInitFile="$(PROJECT_FILE_PATH)/.tulsi/Utils/lldbinit" selectedDebuggerIdentifier="Xcode.DebuggerFoundation.Debugger.LLDB">
        <Testables></Testables>
        <BuildableProductRunnable runnableDebuggingMode="0">
            <BuildableReference ReferencedContainer="container:SwiftCoreTraining.xcodeproj" BlueprintName="-SwiftCoreTraining_ObjC" BuildableIdentifier="primary" BlueprintIdentifier="4098BF0B0578FD2E00000000" BuildableName="lib-SwiftCoreTraining_ObjC.a"></BuildableReference>
        </BuildableProductRunnable>
    </TestAction>
    <LaunchAction useCustomWorkingDirectory="NO" ignoresPersistentStateOnLaunch="NO" allowLocationSimulation="YES" buildConfiguration="Debug" selectedDebuggerIdentifier="Xcode.DebuggerFoundation.Debugger.LLDB" selectedLauncherIdentifier="Xcode.DebuggerFoundation.Launcher.LLDB" launchStyle="0" debugServiceExtension="internal" customLLDBInitFile="$(PROJECT_FILE_PATH)/.tulsi/Utils/lldbinit" debugDocumentVersioning="YES">
        <EnvironmentVariables></EnvironmentVariables>
        <MacroExpansion>
            <BuildableReference BlueprintIdentifier="4098BF0B0578FD2E00000000" BlueprintName="-SwiftCoreTraining_ObjC" BuildableIdentifier="primary" BuildableName="lib-SwiftCoreTraining_ObjC.a" ReferencedContainer="container:SwiftCoreTraining.xcodeproj"></BuildableReference>
        </MacroExpansion>
    </LaunchAction>
    <ProfileAction shouldUseLaunchSchemeArgsEnv="YES" buildConfiguration="__TulsiTestRunner_Release" debugDocumentVersioning="YES" useCustomWorkingDirectory="NO">
        <MacroExpansion>
            <BuildableReference ReferencedContainer="container:SwiftCoreTraining.xcodeproj" BlueprintName="-SwiftCoreTraining_ObjC" BlueprintIdentifier="4098BF0B0578FD2E00000000" BuildableIdentifier="primary" BuildableName="lib-SwiftCoreTraining_ObjC.a"></BuildableReference>
        </MacroExpansion>
    </ProfileAction>
    <AnalyzeAction buildConfiguration="Debug"></AnalyzeAction>
    <ArchiveAction buildConfiguration="Release" revealArchiveInOrganizer="YES"></ArchiveAction>
</Scheme>