
<Scheme version="1.3" LastUpgradeVersion="1000">
    <BuildAction buildImplicitDependencies="YES" parallelizeBuildables="YES">
        <BuildActionEntries>
            <BuildActionEntry buildForTesting="YES" buildForProfiling="YES" buildForRunning="YES" buildForArchiving="YES" buildForAnalyzing="YES">
                <BuildableReference BuildableIdentifier="primary" BlueprintName="SwiftCoreTraining_Swift" BuildableName="libSwiftCoreTraining_Swift.a" BlueprintIdentifier="23252E89BC30DBA600000000" ReferencedContainer="container:SwiftCoreTraining.xcodeproj"></BuildableReference>
            </BuildActionEntry>
        </BuildActionEntries>
    </BuildAction>
    <TestAction shouldUseLaunchSchemeArgsEnv="YES" selectedDebuggerIdentifier="Xcode.DebuggerFoundation.Debugger.LLDB" selectedLauncherIdentifier="Xcode.DebuggerFoundation.Launcher.LLDB" customLLDBInitFile="$(PROJECT_FILE_PATH)/.tulsi/Utils/lldbinit" buildConfiguration="__TulsiTestRunner_Debug">
        <Testables></Testables>
        <BuildableProductRunnable runnableDebuggingMode="0">
            <BuildableReference BlueprintIdentifier="23252E89BC30DBA600000000" BuildableName="libSwiftCoreTraining_Swift.a" BuildableIdentifier="primary" BlueprintName="SwiftCoreTraining_Swift" ReferencedContainer="container:SwiftCoreTraining.xcodeproj"></BuildableReference>
        </BuildableProductRunnable>
    </TestAction>
    <LaunchAction customLLDBInitFile="$(PROJECT_FILE_PATH)/.tulsi/Utils/lldbinit" buildConfiguration="Debug" selectedLauncherIdentifier="Xcode.DebuggerFoundation.Launcher.LLDB" allowLocationSimulation="YES" debugDocumentVersioning="YES" debugServiceExtension="internal" useCustomWorkingDirectory="NO" selectedDebuggerIdentifier="Xcode.DebuggerFoundation.Debugger.LLDB" launchStyle="0" ignoresPersistentStateOnLaunch="NO">
        <EnvironmentVariables></EnvironmentVariables>
        <MacroExpansion>
            <BuildableReference ReferencedContainer="container:SwiftCoreTraining.xcodeproj" BlueprintName="SwiftCoreTraining_Swift" BuildableName="libSwiftCoreTraining_Swift.a" BlueprintIdentifier="23252E89BC30DBA600000000" BuildableIdentifier="primary"></BuildableReference>
        </MacroExpansion>
    </LaunchAction>
    <ProfileAction buildConfiguration="__TulsiTestRunner_Release" useCustomWorkingDirectory="NO" shouldUseLaunchSchemeArgsEnv="YES" debugDocumentVersioning="YES">
        <MacroExpansion>
            <BuildableReference BuildableIdentifier="primary" BlueprintIdentifier="23252E89BC30DBA600000000" ReferencedContainer="container:SwiftCoreTraining.xcodeproj" BuildableName="libSwiftCoreTraining_Swift.a" BlueprintName="SwiftCoreTraining_Swift"></BuildableReference>
        </MacroExpansion>
    </ProfileAction>
    <AnalyzeAction buildConfiguration="Debug"></AnalyzeAction>
    <ArchiveAction buildConfiguration="Release" revealArchiveInOrganizer="YES"></ArchiveAction>
</Scheme>